Microsoft Visual Studio Solution File, Format Version 11.00
# Visual Studio 2008

Project("{764D804C-CEEB-2105-87C2-788E7EFF39F5}") = "Gude", "Assembly-CSharp-firstpass.csproj", "{5221E1B6-B733-AE84-3481-CD931D705AC0}"
EndProject
Project("{764D804C-CEEB-2105-87C2-788E7EFF39F5}") = "Gude", "Assembly-CSharp.csproj", "{9FA8526C-D556-0424-130C-69766F0CABF6}"
EndProject
Project("{764D804C-CEEB-2105-87C2-788E7EFF39F5}") = "Gude", "Assembly-UnityScript-firstpass.unityproj", "{9A0FCF0F-EF64-3B6B-617D-162467948BCD}"
EndProject
Global
	GlobalSection(SolutionConfigurationPlatforms) = preSolution
		Debug|Any CPU = Debug|Any CPU
		Release|Any CPU = Release|Any CPU
	EndGlobalSection
	GlobalSection(ProjectConfigurationPlatforms) = postSolution
		{5221E1B6-B733-AE84-3481-CD931D705AC0}.Debug|Any CPU.ActiveCfg = Debug|Any CPU
		{5221E1B6-B733-AE84-3481-CD931D705AC0}.Debug|Any CPU.Build.0 = Debug|Any CPU
		{5221E1B6-B733-AE84-3481-CD931D705AC0}.Release|Any CPU.ActiveCfg = Release|Any CPU
		{5221E1B6-B733-AE84-3481-CD931D705AC0}.Release|Any CPU.Build.0 = Release|Any CPU
		{9FA8526C-D556-0424-130C-69766F0CABF6}.Debug|Any CPU.ActiveCfg = Debug|Any CPU
		{9FA8526C-D556-0424-130C-69766F0CABF6}.Debug|Any CPU.Build.0 = Debug|Any CPU
		{9FA8526C-D556-0424-130C-69766F0CABF6}.Release|Any CPU.ActiveCfg = Release|Any CPU
		{9FA8526C-D556-0424-130C-69766F0CABF6}.Release|Any CPU.Build.0 = Release|Any CPU
		{9A0FCF0F-EF64-3B6B-617D-162467948BCD}.Debug|Any CPU.ActiveCfg = Debug|Any CPU
		{9A0FCF0F-EF64-3B6B-617D-162467948BCD}.Debug|Any CPU.Build.0 = Debug|Any CPU
		{9A0FCF0F-EF64-3B6B-617D-162467948BCD}.Release|Any CPU.ActiveCfg = Release|Any CPU
		{9A0FCF0F-EF64-3B6B-617D-162467948BCD}.Release|Any CPU.Build.0 = Release|Any CPU
	EndGlobalSection
	GlobalSection(SolutionProperties) = preSolution
		HideSolutionNode = FALSE
	EndGlobalSection
																																		GlobalSection(MonoDevelopProperties) = preSolution
		StartupItem = Assembly-CSharp.csproj
		Policies = $0
		$0.TextStylePolicy = $1
		$1.inheritsSet = null
		$1.scope = text/x-csharp
		$0.CSharpFormattingPolicy = $2
		$2.inheritsSet = Mono
		$2.inheritsScope = text/x-csharp
		$2.scope = text/x-csharp
		$0.TextStylePolicy = $3
		$3.FileWidth = 120
		$3.TabWidth = 4
		$3.IndentWidth = 4
		$3.EolMarker = Unix
		$3.inheritsSet = Mono
		$3.inheritsScope = text/plain
		$3.scope = text/plain
	EndGlobalSection

EndGlobal
